
Microsoft Visual Studio Solution File, Format Version 12.00
# Visual Studio Version 17
VisualStudioVersion = 17.14.36301.6
MinimumVisualStudioVersion = 10.0.40219.1
Project("{FAE04EC0-301F-11D3-BF4B-00C04F79EFBC}") = "GlobalApp", "GlobalApp.csproj", "{3A5E63C3-C468-4801-B781-34B4F06E5617}"
EndProject
Global
	GlobalSection(SolutionConfigurationPlatforms) = preSolution
		Debug|Any CPU = Debug|Any CPU
		Release|Any CPU = Release|Any CPU
	EndGlobalSection
	GlobalSection(ProjectConfigurationPlatforms) = postSolution
		{3A5E63C3-C468-4801-B781-34B4F06E5617}.Debug|Any CPU.ActiveCfg = Debug|Any CPU
		{3A5E63C3-C468-4801-B781-34B4F06E5617}.Debug|Any CPU.Build.0 = Debug|Any CPU
		{3A5E63C3-C468-4801-B781-34B4F06E5617}.Debug|Any CPU.Deploy.0 = Debug|Any CPU
		{3A5E63C3-C468-4801-B781-34B4F06E5617}.Release|Any CPU.ActiveCfg = Release|Any CPU
		{3A5E63C3-C468-4801-B781-34B4F06E5617}.Release|Any CPU.Build.0 = Release|Any CPU
		{3A5E63C3-C468-4801-B781-34B4F06E5617}.Release|Any CPU.Deploy.0 = Release|Any CPU
	EndGlobalSection
	GlobalSection(SolutionProperties) = preSolution
		HideSolutionNode = FALSE
	EndGlobalSection
	GlobalSection(ExtensibilityGlobals) = postSolution
		SolutionGuid = {C8CAD273-BF91-484B-90C0-40B6B9E1FCE2}
	EndGlobalSection
EndGlobal
